
Microsoft Visual Studio Solution File, Format Version 12.00
# Visual Studio Version 17
VisualStudioVersion = 17.0.32014.148
MinimumVisualStudioVersion = 10.0.40219.1
Project("{FAE04EC0-301F-11D3-BF4B-00C04F79EFBC}") = "OPP2", "OPP2\OPP2.csproj", "{1F869CF4-809A-4A20-B8F3-D6E6CCAD516A}"
EndProject
Global
	GlobalSection(SolutionConfigurationPlatforms) = preSolution
		Debug|Any CPU = Debug|Any CPU
		Release|Any CPU = Release|Any CPU
	EndGlobalSection
	GlobalSection(ProjectConfigurationPlatforms) = postSolution
		{1F869CF4-809A-4A20-B8F3-D6E6CCAD516A}.Debug|Any CPU.ActiveCfg = Debug|Any CPU
		{1F869CF4-809A-4A20-B8F3-D6E6CCAD516A}.Debug|Any CPU.Build.0 = Debug|Any CPU
		{1F869CF4-809A-4A20-B8F3-D6E6CCAD516A}.Release|Any CPU.ActiveCfg = Release|Any CPU
		{1F869CF4-809A-4A20-B8F3-D6E6CCAD516A}.Release|Any CPU.Build.0 = Release|Any CPU
	EndGlobalSection
	GlobalSection(SolutionProperties) = preSolution
		HideSolutionNode = FALSE
	EndGlobalSection
	GlobalSection(ExtensibilityGlobals) = postSolution
		SolutionGuid = {28079EFA-8190-4D5A-9070-97A130F41481}
	EndGlobalSection
EndGlobal
